// !$*UTF8*$!
{
	archiveVersion = 1;
	classes = {
	};
	objectVersion = 46;
	objects = {

/* Begin PBXBuildFile section */
		DB8F5CD41705E76700A7E9AC /* UIKit.framework in Frameworks */ = {isa = PBXBuildFile; fileRef = DB8F5CD31705E76700A7E9AC /* UIKit.framework */; };
		DB8F5CD61705E76700A7E9AC /* Foundation.framework in Frameworks */ = {isa = PBXBuildFile; fileRef = DB8F5CD51705E76700A7E9AC /* Foundation.framework */; };
		DB8F5CD81705E76700A7E9AC /* CoreGraphics.framework in Frameworks */ = {isa = PBXBuildFile; fileRef = DB8F5CD71705E76700A7E9AC /* CoreGraphics.framework */; };
		DB8F5CDE1705E76700A7E9AC /* InfoPlist.strings in Resources */ = {isa = PBXBuildFile; fileRef = DB8F5CDC1705E76700A7E9AC /* InfoPlist.strings */; };
		DB8F5CE01705E76700A7E9AC /* main.m in Sources */ = {isa = PBXBuildFile; fileRef = DB8F5CDF1705E76700A7E9AC /* main.m */; };
		DB8F5CE41705E76700A7E9AC /* BSAppDelegate.m in Sources */ = {isa = PBXBuildFile; fileRef = DB8F5CE31705E76700A7E9AC /* BSAppDelegate.m */; };
		DB8F5CE61705E76700A7E9AC /* Default.png in Resources */ = {isa = PBXBuildFile; fileRef = DB8F5CE51705E76700A7E9AC /* Default.png */; };
		DB8F5CE81705E76700A7E9AC /* Default@2x.png in Resources */ = {isa = PBXBuildFile; fileRef = DB8F5CE71705E76700A7E9AC /* Default@2x.png */; };
		DB8F5CEA1705E76700A7E9AC /* Default-568h@2x.png in Resources */ = {isa = PBXBuildFile; fileRef = DB8F5CE91705E76700A7E9AC /* Default-568h@2x.png */; };
		DB8F5CED1705E76700A7E9AC /* BSMasterViewController.m in Sources */ = {isa = PBXBuildFile; fileRef = DB8F5CEC1705E76700A7E9AC /* BSMasterViewController.m */; };
		DB8F5CF01705E76700A7E9AC /* BSDetailViewController.m in Sources */ = {isa = PBXBuildFile; fileRef = DB8F5CEF1705E76700A7E9AC /* BSDetailViewController.m */; };
		DB8F5CF31705E76700A7E9AC /* BSMasterViewController.xib in Resources */ = {isa = PBXBuildFile; fileRef = DB8F5CF11705E76700A7E9AC /* BSMasterViewController.xib */; };
		DB8F5CF61705E76700A7E9AC /* BSDetailViewController.xib in Resources */ = {isa = PBXBuildFile; fileRef = DB8F5CF41705E76700A7E9AC /* BSDetailViewController.xib */; };
		DB8F5CFE1705E76800A7E9AC /* SenTestingKit.framework in Frameworks */ = {isa = PBXBuildFile; fileRef = DB8F5CFD1705E76800A7E9AC /* SenTestingKit.framework */; };
		DB8F5CFF1705E76800A7E9AC /* UIKit.framework in Frameworks */ = {isa = PBXBuildFile; fileRef = DB8F5CD31705E76700A7E9AC /* UIKit.framework */; };
		DB8F5D001705E76800A7E9AC /* Foundation.framework in Frameworks */ = {isa = PBXBuildFile; fileRef = DB8F5CD51705E76700A7E9AC /* Foundation.framework */; };
		DB8F5D081705E76800A7E9AC /* InfoPlist.strings in Resources */ = {isa = PBXBuildFile; fileRef = DB8F5D061705E76800A7E9AC /* InfoPlist.strings */; };
		DB8F5D0B1705E76800A7E9AC /* Baasday_SDK_SampleTests.m in Sources */ = {isa = PBXBuildFile; fileRef = DB8F5D0A1705E76800A7E9AC /* Baasday_SDK_SampleTests.m */; };
		DB8F5D1C1705F05000A7E9AC /* baasday.framework in Frameworks */ = {isa = PBXBuildFile; fileRef = DB8F5D141705E7D400A7E9AC /* baasday.framework */; };
/* End PBXBuildFile section */

/* Begin PBXContainerItemProxy section */
		DB8F5D011705E76800A7E9AC /* PBXContainerItemProxy */ = {
			isa = PBXContainerItemProxy;
			containerPortal = DB8F5CC81705E76700A7E9AC /* Project object */;
			proxyType = 1;
			remoteGlobalIDString = DB8F5CCF1705E76700A7E9AC;
			remoteInfo = "Baasday SDK Sample";
		};
/* End PBXContainerItemProxy section */

/* Begin PBXFileReference section */
		DB8F5CD01705E76700A7E9AC /* Baasday SDK Sample.app */ = {isa = PBXFileReference; explicitFileType = wrapper.application; includeInIndex = 0; path = "Baasday SDK Sample.app"; sourceTree = BUILT_PRODUCTS_DIR; };
		DB8F5CD31705E76700A7E9AC /* UIKit.framework */ = {isa = PBXFileReference; lastKnownFileType = wrapper.framework; name = UIKit.framework; path = System/Library/Frameworks/UIKit.framework; sourceTree = SDKROOT; };
		DB8F5CD51705E76700A7E9AC /* Foundation.framework */ = {isa = PBXFileReference; lastKnownFileType = wrapper.framework; name = Foundation.framework; path = System/Library/Frameworks/Foundation.framework; sourceTree = SDKROOT; };
		DB8F5CD71705E76700A7E9AC /* CoreGraphics.framework */ = {isa = PBXFileReference; lastKnownFileType = wrapper.framework; name = CoreGraphics.framework; path = System/Library/Frameworks/CoreGraphics.framework; sourceTree = SDKROOT; };
		DB8F5CDB1705E76700A7E9AC /* Baasday SDK Sample-Info.plist */ = {isa = PBXFileReference; lastKnownFileType = text.plist.xml; path = "Baasday SDK Sample-Info.plist"; sourceTree = "<group>"; };
		DB8F5CDD1705E76700A7E9AC /* en */ = {isa = PBXFileReference; lastKnownFileType = text.plist.strings; name = en; path = en.lproj/InfoPlist.strings; sourceTree = "<group>"; };
		DB8F5CDF1705E76700A7E9AC /* main.m */ = {isa = PBXFileReference; lastKnownFileType = sourcecode.c.objc; path = main.m; sourceTree = "<group>"; };
		DB8F5CE11705E76700A7E9AC /* Baasday SDK Sample-Prefix.pch */ = {isa = PBXFileReference; lastKnownFileType = sourcecode.c.h; path = "Baasday SDK Sample-Prefix.pch"; sourceTree = "<group>"; };
		DB8F5CE21705E76700A7E9AC /* BSAppDelegate.h */ = {isa = PBXFileReference; lastKnownFileType = sourcecode.c.h; path = BSAppDelegate.h; sourceTree = "<group>"; };
		DB8F5CE31705E76700A7E9AC /* BSAppDelegate.m */ = {isa = PBXFileReference; lastKnownFileType = sourcecode.c.objc; path = BSAppDelegate.m; sourceTree = "<group>"; };
		DB8F5CE51705E76700A7E9AC /* Default.png */ = {isa = PBXFileReference; lastKnownFileType = image.png; path = Default.png; sourceTree = "<group>"; };
		DB8F5CE71705E76700A7E9AC /* Default@2x.png */ = {isa = PBXFileReference; lastKnownFileType = image.png; path = "Default@2x.png"; sourceTree = "<group>"; };
		DB8F5CE91705E76700A7E9AC /* Default-568h@2x.png */ = {isa = PBXFileReference; lastKnownFileType = image.png; path = "Default-568h@2x.png"; sourceTree = "<group>"; };
		DB8F5CEB1705E76700A7E9AC /* BSMasterViewController.h */ = {isa = PBXFileReference; lastKnownFileType = sourcecode.c.h; path = BSMasterViewController.h; sourceTree = "<group>"; };
		DB8F5CEC1705E76700A7E9AC /* BSMasterViewController.m */ = {isa = PBXFileReference; lastKnownFileType = sourcecode.c.objc; path = BSMasterViewController.m; sourceTree = "<group>"; };
		DB8F5CEE1705E76700A7E9AC /* BSDetailViewController.h */ = {isa = PBXFileReference; lastKnownFileType = sourcecode.c.h; path = BSDetailViewController.h; sourceTree = "<group>"; };
		DB8F5CEF1705E76700A7E9AC /* BSDetailViewController.m */ = {isa = PBXFileReference; lastKnownFileType = sourcecode.c.objc; path = BSDetailViewController.m; sourceTree = "<group>"; };
		DB8F5CF21705E76700A7E9AC /* en */ = {isa = PBXFileReference; lastKnownFileType = file.xib; name = en; path = en.lproj/BSMasterViewController.xib; sourceTree = "<group>"; };
		DB8F5CF51705E76700A7E9AC /* en */ = {isa = PBXFileReference; lastKnownFileType = file.xib; name = en; path = en.lproj/BSDetailViewController.xib; sourceTree = "<group>"; };
		DB8F5CFC1705E76800A7E9AC /* Baasday SDK SampleTests.octest */ = {isa = PBXFileReference; explicitFileType = wrapper.cfbundle; includeInIndex = 0; path = "Baasday SDK SampleTests.octest"; sourceTree = BUILT_PRODUCTS_DIR; };
		DB8F5CFD1705E76800A7E9AC /* SenTestingKit.framework */ = {isa = PBXFileReference; lastKnownFileType = wrapper.framework; name = SenTestingKit.framework; path = Library/Frameworks/SenTestingKit.framework; sourceTree = DEVELOPER_DIR; };
		DB8F5D051705E76800A7E9AC /* Baasday SDK SampleTests-Info.plist */ = {isa = PBXFileReference; lastKnownFileType = text.plist.xml; path = "Baasday SDK SampleTests-Info.plist"; sourceTree = "<group>"; };
		DB8F5D071705E76800A7E9AC /* en */ = {isa = PBXFileReference; lastKnownFileType = text.plist.strings; name = en; path = en.lproj/InfoPlist.strings; sourceTree = "<group>"; };
		DB8F5D091705E76800A7E9AC /* Baasday_SDK_SampleTests.h */ = {isa = PBXFileReference; lastKnownFileType = sourcecode.c.h; path = Baasday_SDK_SampleTests.h; sourceTree = "<group>"; };
		DB8F5D0A1705E76800A7E9AC /* Baasday_SDK_SampleTests.m */ = {isa = PBXFileReference; lastKnownFileType = sourcecode.c.objc; path = Baasday_SDK_SampleTests.m; sourceTree = "<group>"; };
		DB8F5D141705E7D400A7E9AC /* baasday.framework */ = {isa = PBXFileReference; lastKnownFileType = wrapper.framework; name = baasday.framework; path = ../baasday/Framework/baasday.framework; sourceTree = "<group>"; };
/* End PBXFileReference section */

/* Begin PBXFrameworksBuildPhase section */
		DB8F5CCD1705E76700A7E9AC /* Frameworks */ = {
			isa = PBXFrameworksBuildPhase;
			buildActionMask = 2147483647;
			files = (
				DB8F5CD41705E76700A7E9AC /* UIKit.framework in Frameworks */,
				DB8F5CD61705E76700A7E9AC /* Foundation.framework in Frameworks */,
				DB8F5CD81705E76700A7E9AC /* CoreGraphics.framework in Frameworks */,
				DB8F5D1C1705F05000A7E9AC /* baasday.framework in Frameworks */,
			);
			runOnlyForDeploymentPostprocessing = 0;
		};
		DB8F5CF81705E76800A7E9AC /* Frameworks */ = {
			isa = PBXFrameworksBuildPhase;
			buildActionMask = 2147483647;
			files = (
				DB8F5CFE1705E76800A7E9AC /* SenTestingKit.framework in Frameworks */,
				DB8F5CFF1705E76800A7E9AC /* UIKit.framework in Frameworks */,
				DB8F5D001705E76800A7E9AC /* Foundation.framework in Frameworks */,
			);
			runOnlyForDeploymentPostprocessing = 0;
		};
/* End PBXFrameworksBuildPhase section */

/* Begin PBXGroup section */
		DB8F5CC71705E76700A7E9AC = {
			isa = PBXGroup;
			children = (
				DB8F5D141705E7D400A7E9AC /* baasday.framework */,
				DB8F5CD91705E76700A7E9AC /* Baasday SDK Sample */,
				DB8F5D031705E76800A7E9AC /* Baasday SDK SampleTests */,
				DB8F5CD21705E76700A7E9AC /* Frameworks */,
				DB8F5CD11705E76700A7E9AC /* Products */,
			);
			sourceTree = "<group>";
		};
		DB8F5CD11705E76700A7E9AC /* Products */ = {
			isa = PBXGroup;
			children = (
				DB8F5CD01705E76700A7E9AC /* Baasday SDK Sample.app */,
				DB8F5CFC1705E76800A7E9AC /* Baasday SDK SampleTests.octest */,
			);
			name = Products;
			sourceTree = "<group>";
		};
		DB8F5CD21705E76700A7E9AC /* Frameworks */ = {
			isa = PBXGroup;
			children = (
				DB8F5CD31705E76700A7E9AC /* UIKit.framework */,
				DB8F5CD51705E76700A7E9AC /* Foundation.framework */,
				DB8F5CD71705E76700A7E9AC /* CoreGraphics.framework */,
				DB8F5CFD1705E76800A7E9AC /* SenTestingKit.framework */,
			);
			name = Frameworks;
			sourceTree = "<group>";
		};
		DB8F5CD91705E76700A7E9AC /* Baasday SDK Sample */ = {
			isa = PBXGroup;
			children = (
				DB8F5CE21705E76700A7E9AC /* BSAppDelegate.h */,
				DB8F5CE31705E76700A7E9AC /* BSAppDelegate.m */,
				DB8F5CEB1705E76700A7E9AC /* BSMasterViewController.h */,
				DB8F5CEC1705E76700A7E9AC /* BSMasterViewController.m */,
				DB8F5CEE1705E76700A7E9AC /* BSDetailViewController.h */,
				DB8F5CEF1705E76700A7E9AC /* BSDetailViewController.m */,
				DB8F5CF11705E76700A7E9AC /* BSMasterViewController.xib */,
				DB8F5CF41705E76700A7E9AC /* BSDetailViewController.xib */,
				DB8F5CDA1705E76700A7E9AC /* Supporting Files */,
			);
			path = "Baasday SDK Sample";
			sourceTree = "<group>";
		};
		DB8F5CDA1705E76700A7E9AC /* Supporting Files */ = {
			isa = PBXGroup;
			children = (
				DB8F5CDB1705E76700A7E9AC /* Baasday SDK Sample-Info.plist */,
				DB8F5CDC1705E76700A7E9AC /* InfoPlist.strings */,
				DB8F5CDF1705E76700A7E9AC /* main.m */,
				DB8F5CE11705E76700A7E9AC /* Baasday SDK Sample-Prefix.pch */,
				DB8F5CE51705E76700A7E9AC /* Default.png */,
				DB8F5CE71705E76700A7E9AC /* Default@2x.png */,
				DB8F5CE91705E76700A7E9AC /* Default-568h@2x.png */,
			);
			name = "Supporting Files";
			sourceTree = "<group>";
		};
		DB8F5D031705E76800A7E9AC /* Baasday SDK SampleTests */ = {
			isa = PBXGroup;
			children = (
				DB8F5D091705E76800A7E9AC /* Baasday_SDK_SampleTests.h */,
				DB8F5D0A1705E76800A7E9AC /* Baasday_SDK_SampleTests.m */,
				DB8F5D041705E76800A7E9AC /* Supporting Files */,
			);
			path = "Baasday SDK SampleTests";
			sourceTree = "<group>";
		};
		DB8F5D041705E76800A7E9AC /* Supporting Files */ = {
			isa = PBXGroup;
			children = (
				DB8F5D051705E76800A7E9AC /* Baasday SDK SampleTests-Info.plist */,
				DB8F5D061705E76800A7E9AC /* InfoPlist.strings */,
			);
			name = "Supporting Files";
			sourceTree = "<group>";
		};
/* End PBXGroup section */

/* Begin PBXNativeTarget section */
		DB8F5CCF1705E76700A7E9AC /* Baasday SDK Sample */ = {
			isa = PBXNativeTarget;
			buildConfigurationList = DB8F5D0E1705E76800A7E9AC /* Build configuration list for PBXNativeTarget "Baasday SDK Sample" */;
			buildPhases = (
				DB8F5CCC1705E76700A7E9AC /* Sources */,
				DB8F5CCD1705E76700A7E9AC /* Frameworks */,
				DB8F5CCE1705E76700A7E9AC /* Resources */,
			);
			buildRules = (
			);
			dependencies = (
			);
			name = "Baasday SDK Sample";
			productName = "Baasday SDK Sample";
			productReference = DB8F5CD01705E76700A7E9AC /* Baasday SDK Sample.app */;
			productType = "com.apple.product-type.application";
		};
		DB8F5CFB1705E76800A7E9AC /* Baasday SDK SampleTests */ = {
			isa = PBXNativeTarget;
			buildConfigurationList = DB8F5D111705E76800A7E9AC /* Build configuration list for PBXNativeTarget "Baasday SDK SampleTests" */;
			buildPhases = (
				DB8F5CF71705E76800A7E9AC /* Sources */,
				DB8F5CF81705E76800A7E9AC /* Frameworks */,
				DB8F5CF91705E76800A7E9AC /* Resources */,
				DB8F5CFA1705E76800A7E9AC /* ShellScript */,
			);
			buildRules = (
			);
			dependencies = (
				DB8F5D021705E76800A7E9AC /* PBXTargetDependency */,
			);
			name = "Baasday SDK SampleTests";
			productName = "Baasday SDK SampleTests";
			productReference = DB8F5CFC1705E76800A7E9AC /* Baasday SDK SampleTests.octest */;
			productType = "com.apple.product-type.bundle";
		};
/* End PBXNativeTarget section */

/* Begin PBXProject section */
		DB8F5CC81705E76700A7E9AC /* Project object */ = {
			isa = PBXProject;
			attributes = {
				CLASSPREFIX = BS;
				LastUpgradeCheck = 0460;
				ORGANIZATIONNAME = "Nyampass Corporation";
			};
			buildConfigurationList = DB8F5CCB1705E76700A7E9AC /* Build configuration list for PBXProject "Baasday SDK Sample" */;
			compatibilityVersion = "Xcode 3.2";
			developmentRegion = English;
			hasScannedForEncodings = 0;
			knownRegions = (
				en,
			);
			mainGroup = DB8F5CC71705E76700A7E9AC;
			productRefGroup = DB8F5CD11705E76700A7E9AC /* Products */;
			projectDirPath = "";
			projectRoot = "";
			targets = (
				DB8F5CCF1705E76700A7E9AC /* Baasday SDK Sample */,
				DB8F5CFB1705E76800A7E9AC /* Baasday SDK SampleTests */,
			);
		};
/* End PBXProject section */

/* Begin PBXResourcesBuildPhase section */
		DB8F5CCE1705E76700A7E9AC /* Resources */ = {
			isa = PBXResourcesBuildPhase;
			buildActionMask = 2147483647;
			files = (
				DB8F5CDE1705E76700A7E9AC /* InfoPlist.strings in Resources */,
				DB8F5CE61705E76700A7E9AC /* Default.png in Resources */,
				DB8F5CE81705E76700A7E9AC /* Default@2x.png in Resources */,
				DB8F5CEA1705E76700A7E9AC /* Default-568h@2x.png in Resources */,
				DB8F5CF31705E76700A7E9AC /* BSMasterViewController.xib in Resources */,
				DB8F5CF61705E76700A7E9AC /* BSDetailViewController.xib in Resources */,
			);
			runOnlyForDeploymentPostprocessing = 0;
		};
		DB8F5CF91705E76800A7E9AC /* Resources */ = {
			isa = PBXResourcesBuildPhase;
			buildActionMask = 2147483647;
			files = (
				DB8F5D081705E76800A7E9AC /* InfoPlist.strings in Resources */,
			);
			runOnlyForDeploymentPostprocessing = 0;
		};
/* End PBXResourcesBuildPhase section */

/* Begin PBXShellScriptBuildPhase section */
		DB8F5CFA1705E76800A7E9AC /* ShellScript */ = {
			isa = PBXShellScriptBuildPhase;
			buildActionMask = 2147483647;
			files = (
			);
			inputPaths = (
			);
			outputPaths = (
			);
			runOnlyForDeploymentPostprocessing = 0;
			shellPath = /bin/sh;
			shellScript = "# Run the unit tests in this test bundle.\n\"${SYSTEM_DEVELOPER_DIR}/Tools/RunUnitTests\"\n";
		};
/* End PBXShellScriptBuildPhase section */

/* Begin PBXSourcesBuildPhase section */
		DB8F5CCC1705E76700A7E9AC /* Sources */ = {
			isa = PBXSourcesBuildPhase;
			buildActionMask = 2147483647;
			files = (
				DB8F5CE01705E76700A7E9AC /* main.m in Sources */,
				DB8F5CE41705E76700A7E9AC /* BSAppDelegate.m in Sources */,
				DB8F5CED1705E76700A7E9AC /* BSMasterViewController.m in Sources */,
				DB8F5CF01705E76700A7E9AC /* BSDetailViewController.m in Sources */,
			);
			runOnlyForDeploymentPostprocessing = 0;
		};
		DB8F5CF71705E76800A7E9AC /* Sources */ = {
			isa = PBXSourcesBuildPhase;
			buildActionMask = 2147483647;
			files = (
				DB8F5D0B1705E76800A7E9AC /* Baasday_SDK_SampleTests.m in Sources */,
			);
			runOnlyForDeploymentPostprocessing = 0;
		};
/* End PBXSourcesBuildPhase section */

/* Begin PBXTargetDependency section */
		DB8F5D021705E76800A7E9AC /* PBXTargetDependency */ = {
			isa = PBXTargetDependency;
			target = DB8F5CCF1705E76700A7E9AC /* Baasday SDK Sample */;
			targetProxy = DB8F5D011705E76800A7E9AC /* PBXContainerItemProxy */;
		};
/* End PBXTargetDependency section */

/* Begin PBXVariantGroup section */
		DB8F5CDC1705E76700A7E9AC /* InfoPlist.strings */ = {
			isa = PBXVariantGroup;
			children = (
				DB8F5CDD1705E76700A7E9AC /* en */,
			);
			name = InfoPlist.strings;
			sourceTree = "<group>";
		};
		DB8F5CF11705E76700A7E9AC /* BSMasterViewController.xib */ = {
			isa = PBXVariantGroup;
			children = (
				DB8F5CF21705E76700A7E9AC /* en */,
			);
			name = BSMasterViewController.xib;
			sourceTree = "<group>";
		};
		DB8F5CF41705E76700A7E9AC /* BSDetailViewController.xib */ = {
			isa = PBXVariantGroup;
			children = (
				DB8F5CF51705E76700A7E9AC /* en */,
			);
			name = BSDetailViewController.xib;
			sourceTree = "<group>";
		};
		DB8F5D061705E76800A7E9AC /* InfoPlist.strings */ = {
			isa = PBXVariantGroup;
			children = (
				DB8F5D071705E76800A7E9AC /* en */,
			);
			name = InfoPlist.strings;
			sourceTree = "<group>";
		};
/* End PBXVariantGroup section */

/* Begin XCBuildConfiguration section */
		DB8F5D0C1705E76800A7E9AC /* Debug */ = {
			isa = XCBuildConfiguration;
			buildSettings = {
				ALWAYS_SEARCH_USER_PATHS = NO;
				CLANG_CXX_LANGUAGE_STANDARD = "gnu++0x";
				CLANG_CXX_LIBRARY = "libc++";
				CLANG_ENABLE_OBJC_ARC = YES;
				CLANG_WARN_CONSTANT_CONVERSION = YES;
				CLANG_WARN_EMPTY_BODY = YES;
				CLANG_WARN_ENUM_CONVERSION = YES;
				CLANG_WARN_INT_CONVERSION = YES;
				CLANG_WARN__DUPLICATE_METHOD_MATCH = YES;
				"CODE_SIGN_IDENTITY[sdk=iphoneos*]" = "iPhone Developer";
				COPY_PHASE_STRIP = NO;
				GCC_C_LANGUAGE_STANDARD = gnu99;
				GCC_DYNAMIC_NO_PIC = NO;
				GCC_OPTIMIZATION_LEVEL = 0;
				GCC_PREPROCESSOR_DEFINITIONS = (
					"DEBUG=1",
					"$(inherited)",
				);
				GCC_SYMBOLS_PRIVATE_EXTERN = NO;
				GCC_WARN_ABOUT_RETURN_TYPE = YES;
				GCC_WARN_UNINITIALIZED_AUTOS = YES;
				GCC_WARN_UNUSED_VARIABLE = YES;
				IPHONEOS_DEPLOYMENT_TARGET = 6.1;
				ONLY_ACTIVE_ARCH = YES;
				SDKROOT = iphoneos;
			};
			name = Debug;
		};
		DB8F5D0D1705E76800A7E9AC /* Release */ = {
			isa = XCBuildConfiguration;
			buildSettings = {
				ALWAYS_SEARCH_USER_PATHS = NO;
				CLANG_CXX_LANGUAGE_STANDARD = "gnu++0x";
				CLANG_CXX_LIBRARY = "libc++";
				CLANG_ENABLE_OBJC_ARC = YES;
				CLANG_WARN_CONSTANT_CONVERSION = YES;
				CLANG_WARN_EMPTY_BODY = YES;
				CLANG_WARN_ENUM_CONVERSION = YES;
				CLANG_WARN_INT_CONVERSION = YES;
				CLANG_WARN__DUPLICATE_METHOD_MATCH = YES;
				"CODE_SIGN_IDENTITY[sdk=iphoneos*]" = "iPhone Developer";
				COPY_PHASE_STRIP = YES;
				GCC_C_LANGUAGE_STANDARD = gnu99;
				GCC_WARN_ABOUT_RETURN_TYPE = YES;
				GCC_WARN_UNINITIALIZED_AUTOS = YES;
				GCC_WARN_UNUSED_VARIABLE = YES;
				IPHONEOS_DEPLOYMENT_TARGET = 6.1;
				OTHER_CFLAGS = "-DNS_BLOCK_ASSERTIONS=1";
				SDKROOT = iphoneos;
				VALIDATE_PRODUCT = YES;
			};
			name = Release;
		};
		DB8F5D0F1705E76800A7E9AC /* Debug */ = {
			isa = XCBuildConfiguration;
			buildSettings = {
				FRAMEWORK_SEARCH_PATHS = (
					"$(inherited)",
					"\"$(SRCROOT)/../baasday/Framework\"",
				);
				GCC_PRECOMPILE_PREFIX_HEADER = YES;
				GCC_PREFIX_HEADER = "Baasday SDK Sample/Baasday SDK Sample-Prefix.pch";
				INFOPLIST_FILE = "Baasday SDK Sample/Baasday SDK Sample-Info.plist";
				PRODUCT_NAME = "$(TARGET_NAME)";
				WRAPPER_EXTENSION = app;
			};
			name = Debug;
		};
		DB8F5D101705E76800A7E9AC /* Release */ = {
			isa = XCBuildConfiguration;
			buildSettings = {
				FRAMEWORK_SEARCH_PATHS = (
					"$(inherited)",
					"\"$(SRCROOT)/../baasday/Framework\"",
				);
				GCC_PRECOMPILE_PREFIX_HEADER = YES;
				GCC_PREFIX_HEADER = "Baasday SDK Sample/Baasday SDK Sample-Prefix.pch";
				INFOPLIST_FILE = "Baasday SDK Sample/Baasday SDK Sample-Info.plist";
				PRODUCT_NAME = "$(TARGET_NAME)";
				WRAPPER_EXTENSION = app;
			};
			name = Release;
		};
		DB8F5D121705E76800A7E9AC /* Debug */ = {
			isa = XCBuildConfiguration;
			buildSettings = {
				BUNDLE_LOADER = "$(BUILT_PRODUCTS_DIR)/Baasday SDK Sample.app/Baasday SDK Sample";
				FRAMEWORK_SEARCH_PATHS = (
					"\"$(SDKROOT)/Developer/Library/Frameworks\"",
					"\"$(DEVELOPER_LIBRARY_DIR)/Frameworks\"",
				);
				GCC_PRECOMPILE_PREFIX_HEADER = YES;
				GCC_PREFIX_HEADER = "Baasday SDK Sample/Baasday SDK Sample-Prefix.pch";
				INFOPLIST_FILE = "Baasday SDK SampleTests/Baasday SDK SampleTests-Info.plist";
				PRODUCT_NAME = "$(TARGET_NAME)";
				TEST_HOST = "$(BUNDLE_LOADER)";
				WRAPPER_EXTENSION = octest;
			};
			name = Debug;
		};
		DB8F5D131705E76800A7E9AC /* Release */ = {
			isa = XCBuildConfiguration;
			buildSettings = {
				BUNDLE_LOADER = "$(BUILT_PRODUCTS_DIR)/Baasday SDK Sample.app/Baasday SDK Sample";
				FRAMEWORK_SEARCH_PATHS = (
					"\"$(SDKROOT)/Developer/Library/Frameworks\"",
					"\"$(DEVELOPER_LIBRARY_DIR)/Frameworks\"",
				);
				GCC_PRECOMPILE_PREFIX_HEADER = YES;
				GCC_PREFIX_HEADER = "Baasday SDK Sample/Baasday SDK Sample-Prefix.pch";
				INFOPLIST_FILE = "Baasday SDK SampleTests/Baasday SDK SampleTests-Info.plist";
				PRODUCT_NAME = "$(TARGET_NAME)";
				TEST_HOST = "$(BUNDLE_LOADER)";
				WRAPPER_EXTENSION = octest;
			};
			name = Release;
		};
/* End XCBuildConfiguration section */

/* Begin XCConfigurationList section */
		DB8F5CCB1705E76700A7E9AC /* Build configuration list for PBXProject "Baasday SDK Sample" */ = {
			isa = XCConfigurationList;
			buildConfigurations = (
				DB8F5D0C1705E76800A7E9AC /* Debug */,
				DB8F5D0D1705E76800A7E9AC /* Release */,
			);
			defaultConfigurationIsVisible = 0;
			defaultConfigurationName = Release;
		};
		DB8F5D0E1705E76800A7E9AC /* Build configuration list for PBXNativeTarget "Baasday SDK Sample" */ = {
			isa = XCConfigurationList;
			buildConfigurations = (
				DB8F5D0F1705E76800A7E9AC /* Debug */,
				DB8F5D101705E76800A7E9AC /* Release */,
			);
			defaultConfigurationIsVisible = 0;
		};
		DB8F5D111705E76800A7E9AC /* Build configuration list for PBXNativeTarget "Baasday SDK SampleTests" */ = {
			isa = XCConfigurationList;
			buildConfigurations = (
				DB8F5D121705E76800A7E9AC /* Debug */,
				DB8F5D131705E76800A7E9AC /* Release */,
			);
			defaultConfigurationIsVisible = 0;
		};
/* End XCConfigurationList section */
	};
	rootObject = DB8F5CC81705E76700A7E9AC /* Project object */;
}
