// !$*UTF8*$!
{
	archiveVersion = 1;
	classes = {
	};
	objectVersion = 46;
	objects = {

/* Begin PBXAggregateTarget section */
		DBC96BAA16F7D7A5001B8498 /* baasday.framework */ = {
			isa = PBXAggregateTarget;
			buildConfigurationList = DBC96BAB16F7D7A5001B8498 /* Build configuration list for PBXAggregateTarget "baasday.framework" */;
			buildPhases = (
				DBC96BAF16F7D867001B8498 /* Run Script */,
			);
			dependencies = (
				DB8E330F17280FC500AA5106 /* PBXTargetDependency */,
			);
			name = baasday.framework;
			productName = baasday.framework;
		};
/* End PBXAggregateTarget section */

/* Begin PBXBuildFile section */
		CA69105417299BCA00BAE086 /* BDListResult.m in Sources */ = {isa = PBXBuildFile; fileRef = CA69105317299BCA00BAE086 /* BDListResult.m */; };
		CA7EE49E17545C0B0037971C /* BDUtility.m in Sources */ = {isa = PBXBuildFile; fileRef = CA7EE49D17545C0B0037971C /* BDUtility.m */; };
		CAF389BA1753457300D86822 /* BDQuery.m in Sources */ = {isa = PBXBuildFile; fileRef = CAF389B91753457200D86822 /* BDQuery.m */; };
		DB14FC991727A24A002C478A /* BDObject.m in Sources */ = {isa = PBXBuildFile; fileRef = DB14FC981727A24A002C478A /* BDObject.m */; };
		DB55A9E6172821120035291A /* BDAuthenticatedUser.m in Sources */ = {isa = PBXBuildFile; fileRef = DB55A9E5172821120035291A /* BDAuthenticatedUser.m */; };
		DB55A9E91728273B0035291A /* BDLeaderboardEntry.m in Sources */ = {isa = PBXBuildFile; fileRef = DB55A9E81728273B0035291A /* BDLeaderboardEntry.m */; };
		DB5D75FD1706DDD200B2DE4D /* BDItem.m in Sources */ = {isa = PBXBuildFile; fileRef = DB5D75FC1706DDD200B2DE4D /* BDItem.m */; settings = {COMPILER_FLAGS = "-fobjc-arc"; }; };
		DB5D76001706DFB700B2DE4D /* BDUser.m in Sources */ = {isa = PBXBuildFile; fileRef = DB5D75FF1706DFB700B2DE4D /* BDUser.m */; settings = {COMPILER_FLAGS = "-fobjc-arc"; }; };
		DB5D76031706E03700B2DE4D /* BDAPIClient.m in Sources */ = {isa = PBXBuildFile; fileRef = DB5D76021706E03600B2DE4D /* BDAPIClient.m */; settings = {COMPILER_FLAGS = "-fobjc-arc"; }; };
		DB6B71801722C4F20001E842 /* baasday.framework in Frameworks */ = {isa = PBXBuildFile; fileRef = DB6B717F1722C4F20001E842 /* baasday.framework */; };
		DB6B71811722C4F20001E842 /* baasday.framework in Frameworks */ = {isa = PBXBuildFile; fileRef = DB6B717F1722C4F20001E842 /* baasday.framework */; };
		DB80A5EB1705C57E00C8D728 /* UIKit.framework in Frameworks */ = {isa = PBXBuildFile; fileRef = DB80A5E91705C56200C8D728 /* UIKit.framework */; };
		DB8F5D1B1705ED1F00A7E9AC /* BDBaasday.m in Sources */ = {isa = PBXBuildFile; fileRef = DB8F5D1A1705ED1F00A7E9AC /* BDBaasday.m */; settings = {COMPILER_FLAGS = "-fobjc-arc"; }; };
		DBC96B7D16F7D4D7001B8498 /* Foundation.framework in Frameworks */ = {isa = PBXBuildFile; fileRef = DBC96B7C16F7D4D7001B8498 /* Foundation.framework */; };
		DBC96B8C16F7D4D7001B8498 /* SenTestingKit.framework in Frameworks */ = {isa = PBXBuildFile; fileRef = DBC96B8B16F7D4D7001B8498 /* SenTestingKit.framework */; };
		DBC96B8F16F7D4D7001B8498 /* Foundation.framework in Frameworks */ = {isa = PBXBuildFile; fileRef = DBC96B7C16F7D4D7001B8498 /* Foundation.framework */; };
		DBC96B9216F7D4D7001B8498 /* libbaasday.a in Frameworks */ = {isa = PBXBuildFile; fileRef = DBC96B7916F7D4D7001B8498 /* libbaasday.a */; };
		DBC96B9816F7D4D7001B8498 /* InfoPlist.strings in Resources */ = {isa = PBXBuildFile; fileRef = DBC96B9616F7D4D7001B8498 /* InfoPlist.strings */; };
		DBC96B9B16F7D4D7001B8498 /* baasdayTests.m in Sources */ = {isa = PBXBuildFile; fileRef = DBC96B9A16F7D4D7001B8498 /* baasdayTests.m */; };
		DBCCA934171E418900F090D2 /* UIKit.framework in Frameworks */ = {isa = PBXBuildFile; fileRef = DB80A5E91705C56200C8D728 /* UIKit.framework */; };
		DBCCA935171E418900F090D2 /* Foundation.framework in Frameworks */ = {isa = PBXBuildFile; fileRef = DBC96B7C16F7D4D7001B8498 /* Foundation.framework */; };
		DBCCA937171E418900F090D2 /* CoreGraphics.framework in Frameworks */ = {isa = PBXBuildFile; fileRef = DBCCA936171E418900F090D2 /* CoreGraphics.framework */; };
		DBCCA93D171E418900F090D2 /* InfoPlist.strings in Resources */ = {isa = PBXBuildFile; fileRef = DBCCA93B171E418900F090D2 /* InfoPlist.strings */; };
		DBCCA93F171E418900F090D2 /* main.m in Sources */ = {isa = PBXBuildFile; fileRef = DBCCA93E171E418900F090D2 /* main.m */; };
		DBCCA943171E418900F090D2 /* AppDelegate.m in Sources */ = {isa = PBXBuildFile; fileRef = DBCCA942171E418900F090D2 /* AppDelegate.m */; };
		DBCCA945171E418900F090D2 /* Default.png in Resources */ = {isa = PBXBuildFile; fileRef = DBCCA944171E418900F090D2 /* Default.png */; };
		DBCCA947171E418900F090D2 /* Default@2x.png in Resources */ = {isa = PBXBuildFile; fileRef = DBCCA946171E418900F090D2 /* Default@2x.png */; };
		DBCCA949171E418900F090D2 /* Default-568h@2x.png in Resources */ = {isa = PBXBuildFile; fileRef = DBCCA948171E418900F090D2 /* Default-568h@2x.png */; };
		DBCCA94C171E418900F090D2 /* MasterViewController.m in Sources */ = {isa = PBXBuildFile; fileRef = DBCCA94B171E418900F090D2 /* MasterViewController.m */; };
		DBCCA94F171E418900F090D2 /* DetailViewController.m in Sources */ = {isa = PBXBuildFile; fileRef = DBCCA94E171E418900F090D2 /* DetailViewController.m */; };
		DBCCA952171E418900F090D2 /* MasterViewController.xib in Resources */ = {isa = PBXBuildFile; fileRef = DBCCA950171E418900F090D2 /* MasterViewController.xib */; };
		DBCCA955171E418900F090D2 /* DetailViewController.xib in Resources */ = {isa = PBXBuildFile; fileRef = DBCCA953171E418900F090D2 /* DetailViewController.xib */; };
		DBCCA95C171E418A00F090D2 /* SenTestingKit.framework in Frameworks */ = {isa = PBXBuildFile; fileRef = DBC96B8B16F7D4D7001B8498 /* SenTestingKit.framework */; };
		DBCCA95D171E418A00F090D2 /* UIKit.framework in Frameworks */ = {isa = PBXBuildFile; fileRef = DB80A5E91705C56200C8D728 /* UIKit.framework */; };
		DBCCA95E171E418A00F090D2 /* Foundation.framework in Frameworks */ = {isa = PBXBuildFile; fileRef = DBC96B7C16F7D4D7001B8498 /* Foundation.framework */; };
		DBCCA966171E418A00F090D2 /* InfoPlist.strings in Resources */ = {isa = PBXBuildFile; fileRef = DBCCA964171E418A00F090D2 /* InfoPlist.strings */; };
		DBCCA969171E418A00F090D2 /* SampleAppTests.m in Sources */ = {isa = PBXBuildFile; fileRef = DBCCA968171E418A00F090D2 /* SampleAppTests.m */; };
		DBEAFC09172259F40041B388 /* JSONKit.m in Sources */ = {isa = PBXBuildFile; fileRef = DBEAFC08172259F40041B388 /* JSONKit.m */; settings = {COMPILER_FLAGS = "-fno-objc-arc"; }; };
/* End PBXBuildFile section */

/* Begin PBXContainerItemProxy section */
		DB8E330E17280FC500AA5106 /* PBXContainerItemProxy */ = {
			isa = PBXContainerItemProxy;
			containerPortal = DBC96B7116F7D4D7001B8498 /* Project object */;
			proxyType = 1;
			remoteGlobalIDString = DBC96B7816F7D4D7001B8498;
			remoteInfo = baasday;
		};
		DB8E331017280FC900AA5106 /* PBXContainerItemProxy */ = {
			isa = PBXContainerItemProxy;
			containerPortal = DBC96B7116F7D4D7001B8498 /* Project object */;
			proxyType = 1;
			remoteGlobalIDString = DBC96BAA16F7D7A5001B8498;
			remoteInfo = baasday.framework;
		};
		DBC96B9016F7D4D7001B8498 /* PBXContainerItemProxy */ = {
			isa = PBXContainerItemProxy;
			containerPortal = DBC96B7116F7D4D7001B8498 /* Project object */;
			proxyType = 1;
			remoteGlobalIDString = DBC96B7816F7D4D7001B8498;
			remoteInfo = baasday;
		};
		DBCCA95F171E418A00F090D2 /* PBXContainerItemProxy */ = {
			isa = PBXContainerItemProxy;
			containerPortal = DBC96B7116F7D4D7001B8498 /* Project object */;
			proxyType = 1;
			remoteGlobalIDString = DBCCA932171E418900F090D2;
			remoteInfo = SampleApp;
		};
/* End PBXContainerItemProxy section */

/* Begin PBXCopyFilesBuildPhase section */
		DBC96B7716F7D4D7001B8498 /* CopyFiles */ = {
			isa = PBXCopyFilesBuildPhase;
			buildActionMask = 2147483647;
			dstPath = "include/${PRODUCT_NAME}";
			dstSubfolderSpec = 16;
			files = (
			);
			runOnlyForDeploymentPostprocessing = 0;
		};
/* End PBXCopyFilesBuildPhase section */

/* Begin PBXFileReference section */
		CA1AC3DC17562D1300EFC440 /* BDObject_Private.h */ = {isa = PBXFileReference; lastKnownFileType = sourcecode.c.h; path = BDObject_Private.h; sourceTree = "<group>"; };
		CA1AC3DD17562F4C00EFC440 /* BDAuthenticatedUser_Private.h */ = {isa = PBXFileReference; lastKnownFileType = sourcecode.c.h; path = BDAuthenticatedUser_Private.h; sourceTree = "<group>"; };
		CA1AC3DE17562F9600EFC440 /* BDItem_Private.h */ = {isa = PBXFileReference; lastKnownFileType = sourcecode.c.h; path = BDItem_Private.h; sourceTree = "<group>"; };
		CA1AC3DF17562FC300EFC440 /* BDLeaderboardEntry_Private.h */ = {isa = PBXFileReference; lastKnownFileType = sourcecode.c.h; path = BDLeaderboardEntry_Private.h; sourceTree = "<group>"; };
		CA1AC3E01756325B00EFC440 /* BDUser_Private.h */ = {isa = PBXFileReference; lastKnownFileType = sourcecode.c.h; path = BDUser_Private.h; sourceTree = "<group>"; };
		CA1AC3E11756328400EFC440 /* BDListResult_Private.h */ = {isa = PBXFileReference; lastKnownFileType = sourcecode.c.h; path = BDListResult_Private.h; sourceTree = "<group>"; };
		CA69105217299BC900BAE086 /* BDListResult.h */ = {isa = PBXFileReference; fileEncoding = 4; lastKnownFileType = sourcecode.c.h; path = BDListResult.h; sourceTree = "<group>"; };
		CA69105317299BCA00BAE086 /* BDListResult.m */ = {isa = PBXFileReference; fileEncoding = 4; lastKnownFileType = sourcecode.c.objc; path = BDListResult.m; sourceTree = "<group>"; };
		CA7EE49C17545C0B0037971C /* BDUtility.h */ = {isa = PBXFileReference; fileEncoding = 4; lastKnownFileType = sourcecode.c.h; path = BDUtility.h; sourceTree = "<group>"; };
		CA7EE49D17545C0B0037971C /* BDUtility.m */ = {isa = PBXFileReference; fileEncoding = 4; lastKnownFileType = sourcecode.c.objc; path = BDUtility.m; sourceTree = "<group>"; };
		CA7EE4A317562B6D0037971C /* BDQuery_Private.h */ = {isa = PBXFileReference; fileEncoding = 4; lastKnownFileType = sourcecode.c.h; path = BDQuery_Private.h; sourceTree = "<group>"; };
		CAF389B81753457200D86822 /* BDQuery.h */ = {isa = PBXFileReference; fileEncoding = 4; lastKnownFileType = sourcecode.c.h; path = BDQuery.h; sourceTree = "<group>"; };
		CAF389B91753457200D86822 /* BDQuery.m */ = {isa = PBXFileReference; fileEncoding = 4; lastKnownFileType = sourcecode.c.objc; path = BDQuery.m; sourceTree = "<group>"; };
		DB14FC971727A24A002C478A /* BDObject.h */ = {isa = PBXFileReference; fileEncoding = 4; lastKnownFileType = sourcecode.c.h; path = BDObject.h; sourceTree = "<group>"; };
		DB14FC981727A24A002C478A /* BDObject.m */ = {isa = PBXFileReference; fileEncoding = 4; lastKnownFileType = sourcecode.c.objc; path = BDObject.m; sourceTree = "<group>"; };
		DB55A9E4172821120035291A /* BDAuthenticatedUser.h */ = {isa = PBXFileReference; fileEncoding = 4; lastKnownFileType = sourcecode.c.h; path = BDAuthenticatedUser.h; sourceTree = "<group>"; };
		DB55A9E5172821120035291A /* BDAuthenticatedUser.m */ = {isa = PBXFileReference; fileEncoding = 4; lastKnownFileType = sourcecode.c.objc; path = BDAuthenticatedUser.m; sourceTree = "<group>"; };
		DB55A9E71728273B0035291A /* BDLeaderboardEntry.h */ = {isa = PBXFileReference; fileEncoding = 4; lastKnownFileType = sourcecode.c.h; path = BDLeaderboardEntry.h; sourceTree = "<group>"; };
		DB55A9E81728273B0035291A /* BDLeaderboardEntry.m */ = {isa = PBXFileReference; fileEncoding = 4; lastKnownFileType = sourcecode.c.objc; path = BDLeaderboardEntry.m; sourceTree = "<group>"; };
		DB5D75FA1706D2E500B2DE4D /* BDBaasday_Private.h */ = {isa = PBXFileReference; fileEncoding = 4; lastKnownFileType = sourcecode.c.h; path = BDBaasday_Private.h; sourceTree = "<group>"; };
		DB5D75FB1706DDD200B2DE4D /* BDItem.h */ = {isa = PBXFileReference; fileEncoding = 4; lastKnownFileType = sourcecode.c.h; path = BDItem.h; sourceTree = "<group>"; };
		DB5D75FC1706DDD200B2DE4D /* BDItem.m */ = {isa = PBXFileReference; fileEncoding = 4; lastKnownFileType = sourcecode.c.objc; path = BDItem.m; sourceTree = "<group>"; };
		DB5D75FE1706DFB700B2DE4D /* BDUser.h */ = {isa = PBXFileReference; fileEncoding = 4; lastKnownFileType = sourcecode.c.h; lineEnding = 0; path = BDUser.h; sourceTree = "<group>"; xcLanguageSpecificationIdentifier = xcode.lang.objcpp; };
		DB5D75FF1706DFB700B2DE4D /* BDUser.m */ = {isa = PBXFileReference; fileEncoding = 4; lastKnownFileType = sourcecode.c.objc; lineEnding = 0; path = BDUser.m; sourceTree = "<group>"; xcLanguageSpecificationIdentifier = xcode.lang.objc; };
		DB5D76011706E03600B2DE4D /* BDAPIClient.h */ = {isa = PBXFileReference; fileEncoding = 4; lastKnownFileType = sourcecode.c.h; name = BDAPIClient.h; path = Headers/BDAPIClient.h; sourceTree = "<group>"; };
		DB5D76021706E03600B2DE4D /* BDAPIClient.m */ = {isa = PBXFileReference; fileEncoding = 4; lastKnownFileType = sourcecode.c.objc; lineEnding = 0; path = BDAPIClient.m; sourceTree = "<group>"; xcLanguageSpecificationIdentifier = xcode.lang.objc; };
		DB5D76041706ED0200B2DE4D /* BDSettings.h */ = {isa = PBXFileReference; fileEncoding = 4; lastKnownFileType = sourcecode.c.h; path = BDSettings.h; sourceTree = "<group>"; };
		DB6B717F1722C4F20001E842 /* baasday.framework */ = {isa = PBXFileReference; lastKnownFileType = wrapper.framework; name = baasday.framework; path = Framework/baasday.framework; sourceTree = "<group>"; };
		DB80A5E81705C3F900C8D728 /* baasday-Prefix.pch */ = {isa = PBXFileReference; fileEncoding = 4; lastKnownFileType = sourcecode.c.h; path = "baasday-Prefix.pch"; sourceTree = "<group>"; };
		DB80A5E91705C56200C8D728 /* UIKit.framework */ = {isa = PBXFileReference; lastKnownFileType = wrapper.framework; name = UIKit.framework; path = System/Library/Frameworks/UIKit.framework; sourceTree = SDKROOT; };
		DB8F5D191705ED1F00A7E9AC /* BDBaasday.h */ = {isa = PBXFileReference; fileEncoding = 4; lastKnownFileType = sourcecode.c.h; path = BDBaasday.h; sourceTree = "<group>"; };
		DB8F5D1A1705ED1F00A7E9AC /* BDBaasday.m */ = {isa = PBXFileReference; fileEncoding = 4; lastKnownFileType = sourcecode.c.objc; path = BDBaasday.m; sourceTree = "<group>"; };
		DBC96B7916F7D4D7001B8498 /* libbaasday.a */ = {isa = PBXFileReference; explicitFileType = archive.ar; includeInIndex = 0; path = libbaasday.a; sourceTree = BUILT_PRODUCTS_DIR; };
		DBC96B7C16F7D4D7001B8498 /* Foundation.framework */ = {isa = PBXFileReference; lastKnownFileType = wrapper.framework; name = Foundation.framework; path = System/Library/Frameworks/Foundation.framework; sourceTree = SDKROOT; };
		DBC96B8016F7D4D7001B8498 /* baasday SDK-Prefix.pch */ = {isa = PBXFileReference; lastKnownFileType = sourcecode.c.h; path = "baasday SDK-Prefix.pch"; sourceTree = "<group>"; };
		DBC96B8A16F7D4D7001B8498 /* baasday SDKTests.octest */ = {isa = PBXFileReference; explicitFileType = wrapper.cfbundle; includeInIndex = 0; path = "baasday SDKTests.octest"; sourceTree = BUILT_PRODUCTS_DIR; };
		DBC96B8B16F7D4D7001B8498 /* SenTestingKit.framework */ = {isa = PBXFileReference; lastKnownFileType = wrapper.framework; name = SenTestingKit.framework; path = Library/Frameworks/SenTestingKit.framework; sourceTree = DEVELOPER_DIR; };
		DBC96B9516F7D4D7001B8498 /* baasday SDKTests-Info.plist */ = {isa = PBXFileReference; lastKnownFileType = text.plist.xml; path = "baasday SDKTests-Info.plist"; sourceTree = "<group>"; };
		DBC96B9716F7D4D7001B8498 /* en */ = {isa = PBXFileReference; lastKnownFileType = text.plist.strings; name = en; path = en.lproj/InfoPlist.strings; sourceTree = "<group>"; };
		DBC96B9916F7D4D7001B8498 /* baasdayTests.h */ = {isa = PBXFileReference; lastKnownFileType = sourcecode.c.h; path = baasdayTests.h; sourceTree = "<group>"; };
		DBC96B9A16F7D4D7001B8498 /* baasdayTests.m */ = {isa = PBXFileReference; lastKnownFileType = sourcecode.c.objc; path = baasdayTests.m; sourceTree = "<group>"; };
		DBC96BAE16F7D7EF001B8498 /* Info.plist */ = {isa = PBXFileReference; fileEncoding = 4; lastKnownFileType = text.plist.xml; name = Info.plist; path = ../Info.plist; sourceTree = "<group>"; };
		DBCCA933171E418900F090D2 /* SampleApp.app */ = {isa = PBXFileReference; explicitFileType = wrapper.application; includeInIndex = 0; path = SampleApp.app; sourceTree = BUILT_PRODUCTS_DIR; };
		DBCCA936171E418900F090D2 /* CoreGraphics.framework */ = {isa = PBXFileReference; lastKnownFileType = wrapper.framework; name = CoreGraphics.framework; path = System/Library/Frameworks/CoreGraphics.framework; sourceTree = SDKROOT; };
		DBCCA93A171E418900F090D2 /* SampleApp-Info.plist */ = {isa = PBXFileReference; lastKnownFileType = text.plist.xml; path = "SampleApp-Info.plist"; sourceTree = "<group>"; };
		DBCCA93C171E418900F090D2 /* en */ = {isa = PBXFileReference; lastKnownFileType = text.plist.strings; name = en; path = en.lproj/InfoPlist.strings; sourceTree = "<group>"; };
		DBCCA93E171E418900F090D2 /* main.m */ = {isa = PBXFileReference; lastKnownFileType = sourcecode.c.objc; path = main.m; sourceTree = "<group>"; };
		DBCCA940171E418900F090D2 /* SampleApp-Prefix.pch */ = {isa = PBXFileReference; lastKnownFileType = sourcecode.c.h; path = "SampleApp-Prefix.pch"; sourceTree = "<group>"; };
		DBCCA941171E418900F090D2 /* AppDelegate.h */ = {isa = PBXFileReference; lastKnownFileType = sourcecode.c.h; path = AppDelegate.h; sourceTree = "<group>"; };
		DBCCA942171E418900F090D2 /* AppDelegate.m */ = {isa = PBXFileReference; lastKnownFileType = sourcecode.c.objc; path = AppDelegate.m; sourceTree = "<group>"; };
		DBCCA944171E418900F090D2 /* Default.png */ = {isa = PBXFileReference; lastKnownFileType = image.png; path = Default.png; sourceTree = "<group>"; };
		DBCCA946171E418900F090D2 /* Default@2x.png */ = {isa = PBXFileReference; lastKnownFileType = image.png; path = "Default@2x.png"; sourceTree = "<group>"; };
		DBCCA948171E418900F090D2 /* Default-568h@2x.png */ = {isa = PBXFileReference; lastKnownFileType = image.png; path = "Default-568h@2x.png"; sourceTree = "<group>"; };
		DBCCA94A171E418900F090D2 /* MasterViewController.h */ = {isa = PBXFileReference; lastKnownFileType = sourcecode.c.h; path = MasterViewController.h; sourceTree = "<group>"; };
		DBCCA94B171E418900F090D2 /* MasterViewController.m */ = {isa = PBXFileReference; lastKnownFileType = sourcecode.c.objc; lineEnding = 0; path = MasterViewController.m; sourceTree = "<group>"; xcLanguageSpecificationIdentifier = xcode.lang.objc; };
		DBCCA94D171E418900F090D2 /* DetailViewController.h */ = {isa = PBXFileReference; lastKnownFileType = sourcecode.c.h; path = DetailViewController.h; sourceTree = "<group>"; };
		DBCCA94E171E418900F090D2 /* DetailViewController.m */ = {isa = PBXFileReference; lastKnownFileType = sourcecode.c.objc; path = DetailViewController.m; sourceTree = "<group>"; };
		DBCCA951171E418900F090D2 /* en */ = {isa = PBXFileReference; lastKnownFileType = file.xib; name = en; path = en.lproj/MasterViewController.xib; sourceTree = "<group>"; };
		DBCCA954171E418900F090D2 /* en */ = {isa = PBXFileReference; lastKnownFileType = file.xib; name = en; path = en.lproj/DetailViewController.xib; sourceTree = "<group>"; };
		DBCCA95B171E418A00F090D2 /* SampleAppTests.octest */ = {isa = PBXFileReference; explicitFileType = wrapper.cfbundle; includeInIndex = 0; path = SampleAppTests.octest; sourceTree = BUILT_PRODUCTS_DIR; };
		DBCCA963171E418A00F090D2 /* SampleAppTests-Info.plist */ = {isa = PBXFileReference; lastKnownFileType = text.plist.xml; path = "SampleAppTests-Info.plist"; sourceTree = "<group>"; };
		DBCCA965171E418A00F090D2 /* en */ = {isa = PBXFileReference; lastKnownFileType = text.plist.strings; name = en; path = en.lproj/InfoPlist.strings; sourceTree = "<group>"; };
		DBCCA967171E418A00F090D2 /* SampleAppTests.h */ = {isa = PBXFileReference; lastKnownFileType = sourcecode.c.h; path = SampleAppTests.h; sourceTree = "<group>"; };
		DBCCA968171E418A00F090D2 /* SampleAppTests.m */ = {isa = PBXFileReference; lastKnownFileType = sourcecode.c.objc; path = SampleAppTests.m; sourceTree = "<group>"; };
		DBEAFC07172259F40041B388 /* JSONKit.h */ = {isa = PBXFileReference; fileEncoding = 4; lastKnownFileType = sourcecode.c.h; path = JSONKit.h; sourceTree = "<group>"; };
		DBEAFC08172259F40041B388 /* JSONKit.m */ = {isa = PBXFileReference; fileEncoding = 4; lastKnownFileType = sourcecode.c.objc; path = JSONKit.m; sourceTree = "<group>"; };
		DBFB0B3116F7F5AC0045338D /* baasday.h */ = {isa = PBXFileReference; fileEncoding = 4; lastKnownFileType = sourcecode.c.h; path = baasday.h; sourceTree = "<group>"; };
		DBFB0B3216F7F5C60045338D /* empty */ = {isa = PBXFileReference; fileEncoding = 4; lastKnownFileType = text; path = empty; sourceTree = "<group>"; };
/* End PBXFileReference section */

/* Begin PBXFrameworksBuildPhase section */
		DBC96B7616F7D4D7001B8498 /* Frameworks */ = {
			isa = PBXFrameworksBuildPhase;
			buildActionMask = 2147483647;
			files = (
				DB80A5EB1705C57E00C8D728 /* UIKit.framework in Frameworks */,
				DBC96B7D16F7D4D7001B8498 /* Foundation.framework in Frameworks */,
				DB6B71801722C4F20001E842 /* baasday.framework in Frameworks */,
			);
			runOnlyForDeploymentPostprocessing = 0;
		};
		DBC96B8616F7D4D7001B8498 /* Frameworks */ = {
			isa = PBXFrameworksBuildPhase;
			buildActionMask = 2147483647;
			files = (
				DBC96B8C16F7D4D7001B8498 /* SenTestingKit.framework in Frameworks */,
				DBC96B8F16F7D4D7001B8498 /* Foundation.framework in Frameworks */,
				DBC96B9216F7D4D7001B8498 /* libbaasday.a in Frameworks */,
			);
			runOnlyForDeploymentPostprocessing = 0;
		};
		DBCCA930171E418900F090D2 /* Frameworks */ = {
			isa = PBXFrameworksBuildPhase;
			buildActionMask = 2147483647;
			files = (
				DBCCA934171E418900F090D2 /* UIKit.framework in Frameworks */,
				DBCCA935171E418900F090D2 /* Foundation.framework in Frameworks */,
				DBCCA937171E418900F090D2 /* CoreGraphics.framework in Frameworks */,
				DB6B71811722C4F20001E842 /* baasday.framework in Frameworks */,
			);
			runOnlyForDeploymentPostprocessing = 0;
		};
		DBCCA957171E418A00F090D2 /* Frameworks */ = {
			isa = PBXFrameworksBuildPhase;
			buildActionMask = 2147483647;
			files = (
				DBCCA95C171E418A00F090D2 /* SenTestingKit.framework in Frameworks */,
				DBCCA95D171E418A00F090D2 /* UIKit.framework in Frameworks */,
				DBCCA95E171E418A00F090D2 /* Foundation.framework in Frameworks */,
			);
			runOnlyForDeploymentPostprocessing = 0;
		};
/* End PBXFrameworksBuildPhase section */

/* Begin PBXGroup section */
		DB8F5D181705E8B700A7E9AC /* Classes */ = {
			isa = PBXGroup;
			children = (
				DB5D76011706E03600B2DE4D /* BDAPIClient.h */,
				DB5D76021706E03600B2DE4D /* BDAPIClient.m */,
				DB55A9E5172821120035291A /* BDAuthenticatedUser.m */,
				CA1AC3DD17562F4C00EFC440 /* BDAuthenticatedUser_Private.h */,
				DB8F5D1A1705ED1F00A7E9AC /* BDBaasday.m */,
				DB5D75FA1706D2E500B2DE4D /* BDBaasday_Private.h */,
				DB5D75FC1706DDD200B2DE4D /* BDItem.m */,
				CA1AC3DE17562F9600EFC440 /* BDItem_Private.h */,
				DB55A9E81728273B0035291A /* BDLeaderboardEntry.m */,
				CA1AC3DF17562FC300EFC440 /* BDLeaderboardEntry_Private.h */,
				CA69105317299BCA00BAE086 /* BDListResult.m */,
				DB14FC981727A24A002C478A /* BDObject.m */,
				CA1AC3DC17562D1300EFC440 /* BDObject_Private.h */,
				CAF389B91753457200D86822 /* BDQuery.m */,
				CA7EE4A317562B6D0037971C /* BDQuery_Private.h */,
				DB5D76041706ED0200B2DE4D /* BDSettings.h */,
				DB5D75FF1706DFB700B2DE4D /* BDUser.m */,
				CA7EE49C17545C0B0037971C /* BDUtility.h */,
				CA7EE49D17545C0B0037971C /* BDUtility.m */,
				CA1AC3E01756325B00EFC440 /* BDUser_Private.h */,
				CA1AC3E11756328400EFC440 /* BDListResult_Private.h */,
			);
			name = Classes;
			sourceTree = "<group>";
		};
		DBC96B7016F7D4D7001B8498 = {
			isa = PBXGroup;
			children = (
				DBC96B7E16F7D4D7001B8498 /* baasday */,
				DBC96B9316F7D4D7001B8498 /* baasdayTests */,
				DBCCA938171E418900F090D2 /* SampleApp */,
				DBCCA961171E418A00F090D2 /* SampleAppTests */,
				DBC96B7B16F7D4D7001B8498 /* Frameworks */,
				DBC96B7A16F7D4D7001B8498 /* Products */,
				DB6B717F1722C4F20001E842 /* baasday.framework */,
			);
			sourceTree = "<group>";
		};
		DBC96B7A16F7D4D7001B8498 /* Products */ = {
			isa = PBXGroup;
			children = (
				DBC96B7916F7D4D7001B8498 /* libbaasday.a */,
				DBC96B8A16F7D4D7001B8498 /* baasday SDKTests.octest */,
				DBCCA933171E418900F090D2 /* SampleApp.app */,
				DBCCA95B171E418A00F090D2 /* SampleAppTests.octest */,
			);
			name = Products;
			sourceTree = "<group>";
		};
		DBC96B7B16F7D4D7001B8498 /* Frameworks */ = {
			isa = PBXGroup;
			children = (
				DB80A5E91705C56200C8D728 /* UIKit.framework */,
				DBC96B7C16F7D4D7001B8498 /* Foundation.framework */,
				DBC96B8B16F7D4D7001B8498 /* SenTestingKit.framework */,
				DBCCA936171E418900F090D2 /* CoreGraphics.framework */,
			);
			name = Frameworks;
			sourceTree = "<group>";
		};
		DBC96B7E16F7D4D7001B8498 /* baasday */ = {
			isa = PBXGroup;
			children = (
				DB8F5D181705E8B700A7E9AC /* Classes */,
				DBEAFC06172259CC0041B388 /* Libraries */,
				DBC96BA516F7D601001B8498 /* Resources */,
				DBC96BA416F7D5F4001B8498 /* Headers */,
				DBC96BAE16F7D7EF001B8498 /* Info.plist */,
				DBC96B7F16F7D4D7001B8498 /* Supporting Files */,
			);
			path = baasday;
			sourceTree = "<group>";
		};
		DBC96B7F16F7D4D7001B8498 /* Supporting Files */ = {
			isa = PBXGroup;
			children = (
				DBC96B8016F7D4D7001B8498 /* baasday SDK-Prefix.pch */,
				DB80A5E81705C3F900C8D728 /* baasday-Prefix.pch */,
			);
			name = "Supporting Files";
			sourceTree = "<group>";
		};
		DBC96B9316F7D4D7001B8498 /* baasdayTests */ = {
			isa = PBXGroup;
			children = (
				DBC96B9916F7D4D7001B8498 /* baasdayTests.h */,
				DBC96B9A16F7D4D7001B8498 /* baasdayTests.m */,
				DBC96B9416F7D4D7001B8498 /* Supporting Files */,
			);
			path = baasdayTests;
			sourceTree = "<group>";
		};
		DBC96B9416F7D4D7001B8498 /* Supporting Files */ = {
			isa = PBXGroup;
			children = (
				DBC96B9516F7D4D7001B8498 /* baasday SDKTests-Info.plist */,
				DBC96B9616F7D4D7001B8498 /* InfoPlist.strings */,
			);
			name = "Supporting Files";
			sourceTree = "<group>";
		};
		DBC96BA416F7D5F4001B8498 /* Headers */ = {
			isa = PBXGroup;
			children = (
				CAF389B81753457200D86822 /* BDQuery.h */,
				DB8F5D191705ED1F00A7E9AC /* BDBaasday.h */,
				DB55A9E71728273B0035291A /* BDLeaderboardEntry.h */,
				DB14FC971727A24A002C478A /* BDObject.h */,
				CA69105217299BC900BAE086 /* BDListResult.h */,
				DB5D75FB1706DDD200B2DE4D /* BDItem.h */,
				DB5D75FE1706DFB700B2DE4D /* BDUser.h */,
				DB55A9E4172821120035291A /* BDAuthenticatedUser.h */,
				DBFB0B3116F7F5AC0045338D /* baasday.h */,
			);
			path = Headers;
			sourceTree = "<group>";
		};
		DBC96BA516F7D601001B8498 /* Resources */ = {
			isa = PBXGroup;
			children = (
				DBFB0B3216F7F5C60045338D /* empty */,
			);
			path = Resources;
			sourceTree = "<group>";
		};
		DBCCA938171E418900F090D2 /* SampleApp */ = {
			isa = PBXGroup;
			children = (
				DBCCA941171E418900F090D2 /* AppDelegate.h */,
				DBCCA942171E418900F090D2 /* AppDelegate.m */,
				DBCCA94A171E418900F090D2 /* MasterViewController.h */,
				DBCCA94B171E418900F090D2 /* MasterViewController.m */,
				DBCCA94D171E418900F090D2 /* DetailViewController.h */,
				DBCCA94E171E418900F090D2 /* DetailViewController.m */,
				DBCCA950171E418900F090D2 /* MasterViewController.xib */,
				DBCCA953171E418900F090D2 /* DetailViewController.xib */,
				DBCCA939171E418900F090D2 /* Supporting Files */,
			);
			path = SampleApp;
			sourceTree = "<group>";
		};
		DBCCA939171E418900F090D2 /* Supporting Files */ = {
			isa = PBXGroup;
			children = (
				DBCCA93A171E418900F090D2 /* SampleApp-Info.plist */,
				DBCCA93B171E418900F090D2 /* InfoPlist.strings */,
				DBCCA93E171E418900F090D2 /* main.m */,
				DBCCA940171E418900F090D2 /* SampleApp-Prefix.pch */,
				DBCCA944171E418900F090D2 /* Default.png */,
				DBCCA946171E418900F090D2 /* Default@2x.png */,
				DBCCA948171E418900F090D2 /* Default-568h@2x.png */,
			);
			name = "Supporting Files";
			sourceTree = "<group>";
		};
		DBCCA961171E418A00F090D2 /* SampleAppTests */ = {
			isa = PBXGroup;
			children = (
				DBCCA967171E418A00F090D2 /* SampleAppTests.h */,
				DBCCA968171E418A00F090D2 /* SampleAppTests.m */,
				DBCCA962171E418A00F090D2 /* Supporting Files */,
			);
			path = SampleAppTests;
			sourceTree = "<group>";
		};
		DBCCA962171E418A00F090D2 /* Supporting Files */ = {
			isa = PBXGroup;
			children = (
				DBCCA963171E418A00F090D2 /* SampleAppTests-Info.plist */,
				DBCCA964171E418A00F090D2 /* InfoPlist.strings */,
			);
			name = "Supporting Files";
			sourceTree = "<group>";
		};
		DBEAFC06172259CC0041B388 /* Libraries */ = {
			isa = PBXGroup;
			children = (
				DBEAFC07172259F40041B388 /* JSONKit.h */,
				DBEAFC08172259F40041B388 /* JSONKit.m */,
			);
			name = Libraries;
			sourceTree = "<group>";
		};
/* End PBXGroup section */

/* Begin PBXNativeTarget section */
		DBC96B7816F7D4D7001B8498 /* baasday */ = {
			isa = PBXNativeTarget;
			buildConfigurationList = DBC96B9E16F7D4D7001B8498 /* Build configuration list for PBXNativeTarget "baasday" */;
			buildPhases = (
				DBC96B7516F7D4D7001B8498 /* Sources */,
				DBC96B7616F7D4D7001B8498 /* Frameworks */,
				DBC96B7716F7D4D7001B8498 /* CopyFiles */,
			);
			buildRules = (
			);
			dependencies = (
			);
			name = baasday;
			productName = baasday;
			productReference = DBC96B7916F7D4D7001B8498 /* libbaasday.a */;
			productType = "com.apple.product-type.library.static";
		};
		DBC96B8916F7D4D7001B8498 /* baasday SDKTests */ = {
			isa = PBXNativeTarget;
			buildConfigurationList = DBC96BA116F7D4D7001B8498 /* Build configuration list for PBXNativeTarget "baasday SDKTests" */;
			buildPhases = (
				DBC96B8516F7D4D7001B8498 /* Sources */,
				DBC96B8616F7D4D7001B8498 /* Frameworks */,
				DBC96B8716F7D4D7001B8498 /* Resources */,
				DBC96B8816F7D4D7001B8498 /* ShellScript */,
			);
			buildRules = (
			);
			dependencies = (
				DBC96B9116F7D4D7001B8498 /* PBXTargetDependency */,
			);
			name = "baasday SDKTests";
			productName = baasdayTests;
			productReference = DBC96B8A16F7D4D7001B8498 /* baasday SDKTests.octest */;
			productType = "com.apple.product-type.bundle";
		};
		DBCCA932171E418900F090D2 /* SampleApp */ = {
			isa = PBXNativeTarget;
			buildConfigurationList = DBCCA96E171E418A00F090D2 /* Build configuration list for PBXNativeTarget "SampleApp" */;
			buildPhases = (
				DBCCA92F171E418900F090D2 /* Sources */,
				DBCCA930171E418900F090D2 /* Frameworks */,
				DBCCA931171E418900F090D2 /* Resources */,
			);
			buildRules = (
			);
			dependencies = (
				DB8E331117280FC900AA5106 /* PBXTargetDependency */,
			);
			name = SampleApp;
			productName = SampleApp;
			productReference = DBCCA933171E418900F090D2 /* SampleApp.app */;
			productType = "com.apple.product-type.application";
		};
		DBCCA95A171E418A00F090D2 /* SampleAppTests */ = {
			isa = PBXNativeTarget;
			buildConfigurationList = DBCCA96F171E418A00F090D2 /* Build configuration list for PBXNativeTarget "SampleAppTests" */;
			buildPhases = (
				DBCCA956171E418A00F090D2 /* Sources */,
				DBCCA957171E418A00F090D2 /* Frameworks */,
				DBCCA958171E418A00F090D2 /* Resources */,
				DBCCA959171E418A00F090D2 /* ShellScript */,
			);
			buildRules = (
			);
			dependencies = (
				DBCCA960171E418A00F090D2 /* PBXTargetDependency */,
			);
			name = SampleAppTests;
			productName = SampleAppTests;
			productReference = DBCCA95B171E418A00F090D2 /* SampleAppTests.octest */;
			productType = "com.apple.product-type.bundle";
		};
/* End PBXNativeTarget section */

/* Begin PBXProject section */
		DBC96B7116F7D4D7001B8498 /* Project object */ = {
			isa = PBXProject;
			attributes = {
				LastUpgradeCheck = 0460;
				ORGANIZATIONNAME = "Nyampass Corporation";
			};
			buildConfigurationList = DBC96B7416F7D4D7001B8498 /* Build configuration list for PBXProject "baasday" */;
			compatibilityVersion = "Xcode 3.2";
			developmentRegion = English;
			hasScannedForEncodings = 0;
			knownRegions = (
				en,
			);
			mainGroup = DBC96B7016F7D4D7001B8498;
			productRefGroup = DBC96B7A16F7D4D7001B8498 /* Products */;
			projectDirPath = "";
			projectRoot = "";
			targets = (
				DBC96B7816F7D4D7001B8498 /* baasday */,
				DBC96B8916F7D4D7001B8498 /* baasday SDKTests */,
				DBC96BAA16F7D7A5001B8498 /* baasday.framework */,
				DBCCA932171E418900F090D2 /* SampleApp */,
				DBCCA95A171E418A00F090D2 /* SampleAppTests */,
			);
		};
/* End PBXProject section */

/* Begin PBXResourcesBuildPhase section */
		DBC96B8716F7D4D7001B8498 /* Resources */ = {
			isa = PBXResourcesBuildPhase;
			buildActionMask = 2147483647;
			files = (
				DBC96B9816F7D4D7001B8498 /* InfoPlist.strings in Resources */,
			);
			runOnlyForDeploymentPostprocessing = 0;
		};
		DBCCA931171E418900F090D2 /* Resources */ = {
			isa = PBXResourcesBuildPhase;
			buildActionMask = 2147483647;
			files = (
				DBCCA93D171E418900F090D2 /* InfoPlist.strings in Resources */,
				DBCCA945171E418900F090D2 /* Default.png in Resources */,
				DBCCA947171E418900F090D2 /* Default@2x.png in Resources */,
				DBCCA949171E418900F090D2 /* Default-568h@2x.png in Resources */,
				DBCCA952171E418900F090D2 /* MasterViewController.xib in Resources */,
				DBCCA955171E418900F090D2 /* DetailViewController.xib in Resources */,
			);
			runOnlyForDeploymentPostprocessing = 0;
		};
		DBCCA958171E418A00F090D2 /* Resources */ = {
			isa = PBXResourcesBuildPhase;
			buildActionMask = 2147483647;
			files = (
				DBCCA966171E418A00F090D2 /* InfoPlist.strings in Resources */,
			);
			runOnlyForDeploymentPostprocessing = 0;
		};
/* End PBXResourcesBuildPhase section */

/* Begin PBXShellScriptBuildPhase section */
		DBC96B8816F7D4D7001B8498 /* ShellScript */ = {
			isa = PBXShellScriptBuildPhase;
			buildActionMask = 2147483647;
			files = (
			);
			inputPaths = (
			);
			outputPaths = (
			);
			runOnlyForDeploymentPostprocessing = 0;
			shellPath = /bin/sh;
			shellScript = "# Run the unit tests in this test bundle.\n\"${SYSTEM_DEVELOPER_DIR}/Tools/RunUnitTests\"\n";
		};
		DBC96BAF16F7D867001B8498 /* Run Script */ = {
			isa = PBXShellScriptBuildPhase;
			buildActionMask = 2147483647;
			files = (
			);
			inputPaths = (
			);
			name = "Run Script";
			outputPaths = (
			);
			runOnlyForDeploymentPostprocessing = 0;
			shellPath = /bin/sh;
			shellScript = "# ==========\n# 変数設定\n# ==========\n\nINFOPLIST='Info.plist'\nFRAMEWORK_NAME=$(/usr/libexec/PlistBuddy -c \"Print CFBundleName\" ${INFOPLIST})\nBUILD_TARGET_NAME=$FRAMEWORK_NAME\nFRAMEWORK_BUILD_CONFIGURATION=\"Release\"\nFRAMEWORK_VERSION_NUMBER=$(/usr/libexec/PlistBuddy -c \"Print CFBundleShortVersionString\" ${INFOPLIST})\nFRAMEWORK_VERSION=A\nFRAMEWORK_BUILD_PATH=\"Framework\"\nFRAMEWORK_DIR=\"${FRAMEWORK_BUILD_PATH}/${FRAMEWORK_NAME}.framework\"\nPACKAGENAME=\"${FRAMEWORK_NAME}.framework.${FRAMEWORK_VERSION_NUMBER}.zip\"\n\necho $BUILD_TARGET_NAME\necho $SDK_NAME\necho $IPHONEOS_DEPLOYMENT_TARGET\n\n# ==========\n# ビルド\n# ==========\nxcodebuild -configuration ${FRAMEWORK_BUILD_CONFIGURATION} -target ${BUILD_TARGET_NAME} clean\n\nxcodebuild -configuration ${FRAMEWORK_BUILD_CONFIGURATION} -target ${BUILD_TARGET_NAME} -sdk iphonesimulator4.3\n[ $? != 0 ] && exit 1\n\nxcodebuild -configuration ${FRAMEWORK_BUILD_CONFIGURATION} -target ${BUILD_TARGET_NAME} -sdk iphoneos6.1\n[ $? != 0 ] && exit 1\n\n# ==========\n# frameworkディレクトリ作成\n# ==========\n\n[ -d \"${FRAMEWORK_BUILD_PATH}\" ] && rm -rf \"${FRAMEWORK_BUILD_PATH}\"\nmkdir -p ${FRAMEWORK_DIR}\nmkdir -p ${FRAMEWORK_DIR}/Versions\nmkdir -p ${FRAMEWORK_DIR}/Versions/${FRAMEWORK_VERSION}\nmkdir -p ${FRAMEWORK_DIR}/Versions/${FRAMEWORK_VERSION}/Resources\nmkdir -p ${FRAMEWORK_DIR}/Versions/${FRAMEWORK_VERSION}/Headers\nln -s ${FRAMEWORK_VERSION} ${FRAMEWORK_DIR}/Versions/Current\nln -s Versions/Current/Headers ${FRAMEWORK_DIR}/Headers\nln -s Versions/Current/Resources ${FRAMEWORK_DIR}/Resources\nln -s Versions/Current/${FRAMEWORK_NAME} ${FRAMEWORK_DIR}/${FRAMEWORK_NAME}\n\n# ==========\n# framework作成\n# ==========\nlipo -create \\\n build/${FRAMEWORK_BUILD_CONFIGURATION}-iphoneos/lib${FRAMEWORK_NAME}.a \\\n build/${FRAMEWORK_BUILD_CONFIGURATION}-iphonesimulator/lib${FRAMEWORK_NAME}.a \\\n -o \"${FRAMEWORK_DIR}/Versions/Current/${FRAMEWORK_NAME}\"\n\necho cp ${BUILD_TARGET_NAME}/Headers/*.h ${FRAMEWORK_DIR}/Headers/\n\ncp ${BUILD_TARGET_NAME}/Headers/*.h ${FRAMEWORK_DIR}/Headers/\ncp ${BUILD_TARGET_NAME}/Resources/* ${FRAMEWORK_DIR}/Resources/\ncp ${INFOPLIST} ${FRAMEWORK_DIR}/Resources/\ncd ${FRAMEWORK_BUILD_PATH}\nchmod -fR 777 \"${FRAMEWORK_NAME}.framework\"\nzip -ry ${PACKAGENAME} $(basename $FRAMEWORK_DIR)\n";
		};
		DBCCA959171E418A00F090D2 /* ShellScript */ = {
			isa = PBXShellScriptBuildPhase;
			buildActionMask = 2147483647;
			files = (
			);
			inputPaths = (
			);
			outputPaths = (
			);
			runOnlyForDeploymentPostprocessing = 0;
			shellPath = /bin/sh;
			shellScript = "# Run the unit tests in this test bundle.\n\"${SYSTEM_DEVELOPER_DIR}/Tools/RunUnitTests\"\n";
		};
/* End PBXShellScriptBuildPhase section */

/* Begin PBXSourcesBuildPhase section */
		DBC96B7516F7D4D7001B8498 /* Sources */ = {
			isa = PBXSourcesBuildPhase;
			buildActionMask = 2147483647;
			files = (
				DB8F5D1B1705ED1F00A7E9AC /* BDBaasday.m in Sources */,
				DB5D75FD1706DDD200B2DE4D /* BDItem.m in Sources */,
				DB5D76001706DFB700B2DE4D /* BDUser.m in Sources */,
				DB5D76031706E03700B2DE4D /* BDAPIClient.m in Sources */,
				DBEAFC09172259F40041B388 /* JSONKit.m in Sources */,
				DB14FC991727A24A002C478A /* BDObject.m in Sources */,
				DB55A9E6172821120035291A /* BDAuthenticatedUser.m in Sources */,
				DB55A9E91728273B0035291A /* BDLeaderboardEntry.m in Sources */,
				CA69105417299BCA00BAE086 /* BDListResult.m in Sources */,
				CAF389BA1753457300D86822 /* BDQuery.m in Sources */,
				CA7EE49E17545C0B0037971C /* BDUtility.m in Sources */,
			);
			runOnlyForDeploymentPostprocessing = 0;
		};
		DBC96B8516F7D4D7001B8498 /* Sources */ = {
			isa = PBXSourcesBuildPhase;
			buildActionMask = 2147483647;
			files = (
				DBC96B9B16F7D4D7001B8498 /* baasdayTests.m in Sources */,
			);
			runOnlyForDeploymentPostprocessing = 0;
		};
		DBCCA92F171E418900F090D2 /* Sources */ = {
			isa = PBXSourcesBuildPhase;
			buildActionMask = 2147483647;
			files = (
				DBCCA93F171E418900F090D2 /* main.m in Sources */,
				DBCCA943171E418900F090D2 /* AppDelegate.m in Sources */,
				DBCCA94C171E418900F090D2 /* MasterViewController.m in Sources */,
				DBCCA94F171E418900F090D2 /* DetailViewController.m in Sources */,
			);
			runOnlyForDeploymentPostprocessing = 0;
		};
		DBCCA956171E418A00F090D2 /* Sources */ = {
			isa = PBXSourcesBuildPhase;
			buildActionMask = 2147483647;
			files = (
				DBCCA969171E418A00F090D2 /* SampleAppTests.m in Sources */,
			);
			runOnlyForDeploymentPostprocessing = 0;
		};
/* End PBXSourcesBuildPhase section */

/* Begin PBXTargetDependency section */
		DB8E330F17280FC500AA5106 /* PBXTargetDependency */ = {
			isa = PBXTargetDependency;
			target = DBC96B7816F7D4D7001B8498 /* baasday */;
			targetProxy = DB8E330E17280FC500AA5106 /* PBXContainerItemProxy */;
		};
		DB8E331117280FC900AA5106 /* PBXTargetDependency */ = {
			isa = PBXTargetDependency;
			target = DBC96BAA16F7D7A5001B8498 /* baasday.framework */;
			targetProxy = DB8E331017280FC900AA5106 /* PBXContainerItemProxy */;
		};
		DBC96B9116F7D4D7001B8498 /* PBXTargetDependency */ = {
			isa = PBXTargetDependency;
			target = DBC96B7816F7D4D7001B8498 /* baasday */;
			targetProxy = DBC96B9016F7D4D7001B8498 /* PBXContainerItemProxy */;
		};
		DBCCA960171E418A00F090D2 /* PBXTargetDependency */ = {
			isa = PBXTargetDependency;
			target = DBCCA932171E418900F090D2 /* SampleApp */;
			targetProxy = DBCCA95F171E418A00F090D2 /* PBXContainerItemProxy */;
		};
/* End PBXTargetDependency section */

/* Begin PBXVariantGroup section */
		DBC96B9616F7D4D7001B8498 /* InfoPlist.strings */ = {
			isa = PBXVariantGroup;
			children = (
				DBC96B9716F7D4D7001B8498 /* en */,
			);
			name = InfoPlist.strings;
			sourceTree = "<group>";
		};
		DBCCA93B171E418900F090D2 /* InfoPlist.strings */ = {
			isa = PBXVariantGroup;
			children = (
				DBCCA93C171E418900F090D2 /* en */,
			);
			name = InfoPlist.strings;
			sourceTree = "<group>";
		};
		DBCCA950171E418900F090D2 /* MasterViewController.xib */ = {
			isa = PBXVariantGroup;
			children = (
				DBCCA951171E418900F090D2 /* en */,
			);
			name = MasterViewController.xib;
			sourceTree = "<group>";
		};
		DBCCA953171E418900F090D2 /* DetailViewController.xib */ = {
			isa = PBXVariantGroup;
			children = (
				DBCCA954171E418900F090D2 /* en */,
			);
			name = DetailViewController.xib;
			sourceTree = "<group>";
		};
		DBCCA964171E418A00F090D2 /* InfoPlist.strings */ = {
			isa = PBXVariantGroup;
			children = (
				DBCCA965171E418A00F090D2 /* en */,
			);
			name = InfoPlist.strings;
			sourceTree = "<group>";
		};
/* End PBXVariantGroup section */

/* Begin XCBuildConfiguration section */
		DBC96B9C16F7D4D7001B8498 /* Debug */ = {
			isa = XCBuildConfiguration;
			buildSettings = {
				ALWAYS_SEARCH_USER_PATHS = NO;
				CLANG_CXX_LANGUAGE_STANDARD = "gnu++0x";
				CLANG_CXX_LIBRARY = "libc++";
				CLANG_ENABLE_OBJC_ARC = YES;
				CLANG_WARN_CONSTANT_CONVERSION = YES;
				CLANG_WARN_EMPTY_BODY = YES;
				CLANG_WARN_ENUM_CONVERSION = YES;
				CLANG_WARN_INT_CONVERSION = YES;
				CLANG_WARN__DUPLICATE_METHOD_MATCH = YES;
				COPY_PHASE_STRIP = NO;
				GCC_C_LANGUAGE_STANDARD = gnu99;
				GCC_DYNAMIC_NO_PIC = NO;
				GCC_OPTIMIZATION_LEVEL = 0;
				GCC_PREPROCESSOR_DEFINITIONS = (
					"DEBUG=1",
					"$(inherited)",
				);
				GCC_SYMBOLS_PRIVATE_EXTERN = NO;
				GCC_WARN_ABOUT_RETURN_TYPE = YES;
				GCC_WARN_UNINITIALIZED_AUTOS = YES;
				GCC_WARN_UNUSED_VARIABLE = YES;
				IPHONEOS_DEPLOYMENT_TARGET = 4.3;
				ONLY_ACTIVE_ARCH = YES;
				SDKROOT = iphoneos;
			};
			name = Debug;
		};
		DBC96B9D16F7D4D7001B8498 /* Release */ = {
			isa = XCBuildConfiguration;
			buildSettings = {
				ALWAYS_SEARCH_USER_PATHS = NO;
				CLANG_CXX_LANGUAGE_STANDARD = "gnu++0x";
				CLANG_CXX_LIBRARY = "libc++";
				CLANG_ENABLE_OBJC_ARC = YES;
				CLANG_WARN_CONSTANT_CONVERSION = YES;
				CLANG_WARN_EMPTY_BODY = YES;
				CLANG_WARN_ENUM_CONVERSION = YES;
				CLANG_WARN_INT_CONVERSION = YES;
				CLANG_WARN__DUPLICATE_METHOD_MATCH = YES;
				COPY_PHASE_STRIP = YES;
				GCC_C_LANGUAGE_STANDARD = gnu99;
				GCC_WARN_ABOUT_RETURN_TYPE = YES;
				GCC_WARN_UNINITIALIZED_AUTOS = YES;
				GCC_WARN_UNUSED_VARIABLE = YES;
				IPHONEOS_DEPLOYMENT_TARGET = 4.3;
				SDKROOT = iphoneos;
				VALIDATE_PRODUCT = YES;
			};
			name = Release;
		};
		DBC96B9F16F7D4D7001B8498 /* Debug */ = {
			isa = XCBuildConfiguration;
			buildSettings = {
				DSTROOT = /tmp/baasday.dst;
				FRAMEWORK_SEARCH_PATHS = (
					"$(inherited)",
					"\"$(SYSTEM_APPS_DIR)/Xcode.app/Contents/Developer/Library/Frameworks\"",
					"\"$(SRCROOT)/Framework\"",
				);
				GCC_PRECOMPILE_PREFIX_HEADER = YES;
				GCC_PREFIX_HEADER = "baasday/baasday SDK-Prefix.pch";
				GCC_VERSION = com.apple.compilers.llvm.clang.1_0;
				IPHONEOS_DEPLOYMENT_TARGET = 4.3;
				OTHER_LDFLAGS = "-ObjC";
				PRODUCT_NAME = baasday;
				SKIP_INSTALL = YES;
			};
			name = Debug;
		};
		DBC96BA016F7D4D7001B8498 /* Release */ = {
			isa = XCBuildConfiguration;
			buildSettings = {
				DSTROOT = /tmp/baasday.dst;
				FRAMEWORK_SEARCH_PATHS = (
					"$(inherited)",
					"\"$(SYSTEM_APPS_DIR)/Xcode.app/Contents/Developer/Library/Frameworks\"",
					"\"$(SRCROOT)/Framework\"",
				);
				GCC_OPTIMIZATION_LEVEL = s;
				GCC_PRECOMPILE_PREFIX_HEADER = YES;
				GCC_PREFIX_HEADER = "baasday/baasday SDK-Prefix.pch";
				GCC_VERSION = com.apple.compilers.llvm.clang.1_0;
				IPHONEOS_DEPLOYMENT_TARGET = 4.3;
				OTHER_LDFLAGS = "-ObjC";
				PRODUCT_NAME = baasday;
				SKIP_INSTALL = YES;
			};
			name = Release;
		};
		DBC96BA216F7D4D7001B8498 /* Debug */ = {
			isa = XCBuildConfiguration;
			buildSettings = {
				FRAMEWORK_SEARCH_PATHS = (
					"\"$(SDKROOT)/Developer/Library/Frameworks\"",
					"\"$(DEVELOPER_LIBRARY_DIR)/Frameworks\"",
				);
				GCC_PRECOMPILE_PREFIX_HEADER = YES;
				GCC_PREFIX_HEADER = "baasday/baasday-Prefix.pch";
				INFOPLIST_FILE = "baasdayTests/baasday SDKTests-Info.plist";
				PRODUCT_NAME = "baasday SDKTests";
				WRAPPER_EXTENSION = octest;
			};
			name = Debug;
		};
		DBC96BA316F7D4D7001B8498 /* Release */ = {
			isa = XCBuildConfiguration;
			buildSettings = {
				FRAMEWORK_SEARCH_PATHS = (
					"\"$(SDKROOT)/Developer/Library/Frameworks\"",
					"\"$(DEVELOPER_LIBRARY_DIR)/Frameworks\"",
				);
				GCC_PRECOMPILE_PREFIX_HEADER = YES;
				GCC_PREFIX_HEADER = "baasday/baasday-Prefix.pch";
				INFOPLIST_FILE = "baasdayTests/baasday SDKTests-Info.plist";
				PRODUCT_NAME = "baasday SDKTests";
				WRAPPER_EXTENSION = octest;
			};
			name = Release;
		};
		DBC96BAC16F7D7A5001B8498 /* Debug */ = {
			isa = XCBuildConfiguration;
			buildSettings = {
				IPHONEOS_DEPLOYMENT_TARGET = 4.3;
				PRODUCT_NAME = "$(TARGET_NAME)";
			};
			name = Debug;
		};
		DBC96BAD16F7D7A5001B8498 /* Release */ = {
			isa = XCBuildConfiguration;
			buildSettings = {
				IPHONEOS_DEPLOYMENT_TARGET = 4.3;
				PRODUCT_NAME = "$(TARGET_NAME)";
			};
			name = Release;
		};
		DBCCA96A171E418A00F090D2 /* Debug */ = {
			isa = XCBuildConfiguration;
			buildSettings = {
				"CODE_SIGN_IDENTITY[sdk=iphoneos*]" = "iPhone Developer";
				FRAMEWORK_SEARCH_PATHS = (
					"$(inherited)",
					"\"$(SRCROOT)/Framework\"",
				);
				GCC_PRECOMPILE_PREFIX_HEADER = YES;
				GCC_PREFIX_HEADER = "SampleApp/SampleApp-Prefix.pch";
				INFOPLIST_FILE = "SampleApp/SampleApp-Info.plist";
				IPHONEOS_DEPLOYMENT_TARGET = 4.3;
				PRODUCT_NAME = "$(TARGET_NAME)";
				WRAPPER_EXTENSION = app;
			};
			name = Debug;
		};
		DBCCA96B171E418A00F090D2 /* Release */ = {
			isa = XCBuildConfiguration;
			buildSettings = {
				"CODE_SIGN_IDENTITY[sdk=iphoneos*]" = "iPhone Developer";
				FRAMEWORK_SEARCH_PATHS = (
					"$(inherited)",
					"\"$(SRCROOT)/Framework\"",
				);
				GCC_PRECOMPILE_PREFIX_HEADER = YES;
				GCC_PREFIX_HEADER = "SampleApp/SampleApp-Prefix.pch";
				INFOPLIST_FILE = "SampleApp/SampleApp-Info.plist";
				IPHONEOS_DEPLOYMENT_TARGET = 4.3;
				OTHER_CFLAGS = "-DNS_BLOCK_ASSERTIONS=1";
				PRODUCT_NAME = "$(TARGET_NAME)";
				WRAPPER_EXTENSION = app;
			};
			name = Release;
		};
		DBCCA96C171E418A00F090D2 /* Debug */ = {
			isa = XCBuildConfiguration;
			buildSettings = {
				BUNDLE_LOADER = "$(BUILT_PRODUCTS_DIR)/SampleApp.app/SampleApp";
				FRAMEWORK_SEARCH_PATHS = (
					"\"$(SDKROOT)/Developer/Library/Frameworks\"",
					"\"$(DEVELOPER_LIBRARY_DIR)/Frameworks\"",
				);
				GCC_PRECOMPILE_PREFIX_HEADER = YES;
				GCC_PREFIX_HEADER = "SampleApp/SampleApp-Prefix.pch";
				INFOPLIST_FILE = "SampleAppTests/SampleAppTests-Info.plist";
				IPHONEOS_DEPLOYMENT_TARGET = 4.3;
				PRODUCT_NAME = "$(TARGET_NAME)";
				TEST_HOST = "$(BUNDLE_LOADER)";
				WRAPPER_EXTENSION = octest;
			};
			name = Debug;
		};
		DBCCA96D171E418A00F090D2 /* Release */ = {
			isa = XCBuildConfiguration;
			buildSettings = {
				BUNDLE_LOADER = "$(BUILT_PRODUCTS_DIR)/SampleApp.app/SampleApp";
				FRAMEWORK_SEARCH_PATHS = (
					"\"$(SDKROOT)/Developer/Library/Frameworks\"",
					"\"$(DEVELOPER_LIBRARY_DIR)/Frameworks\"",
				);
				GCC_PRECOMPILE_PREFIX_HEADER = YES;
				GCC_PREFIX_HEADER = "SampleApp/SampleApp-Prefix.pch";
				INFOPLIST_FILE = "SampleAppTests/SampleAppTests-Info.plist";
				IPHONEOS_DEPLOYMENT_TARGET = 4.3;
				PRODUCT_NAME = "$(TARGET_NAME)";
				TEST_HOST = "$(BUNDLE_LOADER)";
				WRAPPER_EXTENSION = octest;
			};
			name = Release;
		};
/* End XCBuildConfiguration section */

/* Begin XCConfigurationList section */
		DBC96B7416F7D4D7001B8498 /* Build configuration list for PBXProject "baasday" */ = {
			isa = XCConfigurationList;
			buildConfigurations = (
				DBC96B9C16F7D4D7001B8498 /* Debug */,
				DBC96B9D16F7D4D7001B8498 /* Release */,
			);
			defaultConfigurationIsVisible = 0;
			defaultConfigurationName = Release;
		};
		DBC96B9E16F7D4D7001B8498 /* Build configuration list for PBXNativeTarget "baasday" */ = {
			isa = XCConfigurationList;
			buildConfigurations = (
				DBC96B9F16F7D4D7001B8498 /* Debug */,
				DBC96BA016F7D4D7001B8498 /* Release */,
			);
			defaultConfigurationIsVisible = 0;
			defaultConfigurationName = Release;
		};
		DBC96BA116F7D4D7001B8498 /* Build configuration list for PBXNativeTarget "baasday SDKTests" */ = {
			isa = XCConfigurationList;
			buildConfigurations = (
				DBC96BA216F7D4D7001B8498 /* Debug */,
				DBC96BA316F7D4D7001B8498 /* Release */,
			);
			defaultConfigurationIsVisible = 0;
			defaultConfigurationName = Release;
		};
		DBC96BAB16F7D7A5001B8498 /* Build configuration list for PBXAggregateTarget "baasday.framework" */ = {
			isa = XCConfigurationList;
			buildConfigurations = (
				DBC96BAC16F7D7A5001B8498 /* Debug */,
				DBC96BAD16F7D7A5001B8498 /* Release */,
			);
			defaultConfigurationIsVisible = 0;
			defaultConfigurationName = Release;
		};
		DBCCA96E171E418A00F090D2 /* Build configuration list for PBXNativeTarget "SampleApp" */ = {
			isa = XCConfigurationList;
			buildConfigurations = (
				DBCCA96A171E418A00F090D2 /* Debug */,
				DBCCA96B171E418A00F090D2 /* Release */,
			);
			defaultConfigurationIsVisible = 0;
			defaultConfigurationName = Release;
		};
		DBCCA96F171E418A00F090D2 /* Build configuration list for PBXNativeTarget "SampleAppTests" */ = {
			isa = XCConfigurationList;
			buildConfigurations = (
				DBCCA96C171E418A00F090D2 /* Debug */,
				DBCCA96D171E418A00F090D2 /* Release */,
			);
			defaultConfigurationIsVisible = 0;
			defaultConfigurationName = Release;
		};
/* End XCConfigurationList section */
	};
	rootObject = DBC96B7116F7D4D7001B8498 /* Project object */;
}
